Microsoft Visual Studio Solution File, Format Version 12.00
# Visual Studio Version 17
VisualStudioVersion = 17.5.2.0
MinimumVisualStudioVersion = 10.0.40219.1
Project("{FAE04EC0-301F-11D3-BF4B-00C04F79EFBC}") = "AOC_Dec5_2024", "AOC_Dec5_2024.csproj", "{3660B163-2124-39EC-B906-495BF9CBB0F7}"
EndProject
Global
	GlobalSection(SolutionConfigurationPlatforms) = preSolution
		Debug|Any CPU = Debug|Any CPU
		Release|Any CPU = Release|Any CPU
	EndGlobalSection
	GlobalSection(ProjectConfigurationPlatforms) = postSolution
		{3660B163-2124-39EC-B906-495BF9CBB0F7}.Debug|Any CPU.ActiveCfg = Debug|Any CPU
		{3660B163-2124-39EC-B906-495BF9CBB0F7}.Debug|Any CPU.Build.0 = Debug|Any CPU
		{3660B163-2124-39EC-B906-495BF9CBB0F7}.Release|Any CPU.ActiveCfg = Release|Any CPU
		{3660B163-2124-39EC-B906-495BF9CBB0F7}.Release|Any CPU.Build.0 = Release|Any CPU
	EndGlobalSection
	GlobalSection(SolutionProperties) = preSolution
		HideSolutionNode = FALSE
	EndGlobalSection
	GlobalSection(ExtensibilityGlobals) = postSolution
		SolutionGuid = {1C0F9771-50A4-480A-806C-68081671FC19}
	EndGlobalSection
EndGlobal
