
Microsoft Visual Studio Solution File, Format Version 12.00
# Visual Studio Version 17
VisualStudioVersion = 17.0.31903.59
MinimumVisualStudioVersion = 10.0.40219.1
Project("{FAE04EC0-301F-11D3-BF4B-00C04F79EFBC}") = "AOC_Dec6_2024", "AOC_Dec6_2024\AOC_Dec6_2024.csproj", "{211896B5-AF50-44C2-A80A-F1EB437E553F}"
EndProject
Global
	GlobalSection(SolutionConfigurationPlatforms) = preSolution
		Debug|Any CPU = Debug|Any CPU
		Release|Any CPU = Release|Any CPU
	EndGlobalSection
	GlobalSection(SolutionProperties) = preSolution
		HideSolutionNode = FALSE
	EndGlobalSection
	GlobalSection(ProjectConfigurationPlatforms) = postSolution
		{211896B5-AF50-44C2-A80A-F1EB437E553F}.Debug|Any CPU.ActiveCfg = Debug|Any CPU
		{211896B5-AF50-44C2-A80A-F1EB437E553F}.Debug|Any CPU.Build.0 = Debug|Any CPU
		{211896B5-AF50-44C2-A80A-F1EB437E553F}.Release|Any CPU.ActiveCfg = Release|Any CPU
		{211896B5-AF50-44C2-A80A-F1EB437E553F}.Release|Any CPU.Build.0 = Release|Any CPU
	EndGlobalSection
EndGlobal
