
Microsoft Visual Studio Solution File, Format Version 12.00
# Visual Studio Version 17
VisualStudioVersion = 17.0.31903.59
MinimumVisualStudioVersion = 10.0.40219.1
Project("{FAE04EC0-301F-11D3-BF4B-00C04F79EFBC}") = "AOC_Dec17_2024", "AOC_Dec17_2024\AOC_Dec17_2024.csproj", "{6BC859DA-BAAC-45FF-A41E-253345BA7DA4}"
EndProject
Global
	GlobalSection(SolutionConfigurationPlatforms) = preSolution
		Debug|Any CPU = Debug|Any CPU
		Release|Any CPU = Release|Any CPU
	EndGlobalSection
	GlobalSection(SolutionProperties) = preSolution
		HideSolutionNode = FALSE
	EndGlobalSection
	GlobalSection(ProjectConfigurationPlatforms) = postSolution
		{6BC859DA-BAAC-45FF-A41E-253345BA7DA4}.Debug|Any CPU.ActiveCfg = Debug|Any CPU
		{6BC859DA-BAAC-45FF-A41E-253345BA7DA4}.Debug|Any CPU.Build.0 = Debug|Any CPU
		{6BC859DA-BAAC-45FF-A41E-253345BA7DA4}.Release|Any CPU.ActiveCfg = Release|Any CPU
		{6BC859DA-BAAC-45FF-A41E-253345BA7DA4}.Release|Any CPU.Build.0 = Release|Any CPU
	EndGlobalSection
EndGlobal
